
Microsoft Visual Studio Solution File, Format Version 12.00
# Visual Studio Version 17
VisualStudioVersion = 17.5.33627.172
MinimumVisualStudioVersion = 10.0.40219.1
Project("{FAE04EC0-301F-11D3-BF4B-00C04F79EFBC}") = "SendMail", "SendMail.csproj", "{420DBDC5-C957-4698-96B8-C20190E55EA5}"
EndProject
Project("{FAE04EC0-301F-11D3-BF4B-00C04F79EFBC}") = "ReceiveMail", "..\ReceiveMail\ReceiveMail.csproj", "{A5928A5B-28EF-45DC-B984-EA3AB18488B8}"
EndProject
Project("{FAE04EC0-301F-11D3-BF4B-00C04F79EFBC}") = "Logic", "..\Logic\Logic.csproj", "{B87FB02C-5C1F-4E66-B9BB-9F1CBA347410}"
EndProject
Global
	GlobalSection(SolutionConfigurationPlatforms) = preSolution
		Debug|Any CPU = Debug|Any CPU
		Release|Any CPU = Release|Any CPU
	EndGlobalSection
	GlobalSection(ProjectConfigurationPlatforms) = postSolution
		{420DBDC5-C957-4698-96B8-C20190E55EA5}.Debug|Any CPU.ActiveCfg = Debug|Any CPU
		{420DBDC5-C957-4698-96B8-C20190E55EA5}.Debug|Any CPU.Build.0 = Debug|Any CPU
		{420DBDC5-C957-4698-96B8-C20190E55EA5}.Release|Any CPU.ActiveCfg = Release|Any CPU
		{420DBDC5-C957-4698-96B8-C20190E55EA5}.Release|Any CPU.Build.0 = Release|Any CPU
		{A5928A5B-28EF-45DC-B984-EA3AB18488B8}.Debug|Any CPU.ActiveCfg = Debug|Any CPU
		{A5928A5B-28EF-45DC-B984-EA3AB18488B8}.Debug|Any CPU.Build.0 = Debug|Any CPU
		{A5928A5B-28EF-45DC-B984-EA3AB18488B8}.Release|Any CPU.ActiveCfg = Release|Any CPU
		{A5928A5B-28EF-45DC-B984-EA3AB18488B8}.Release|Any CPU.Build.0 = Release|Any CPU
		{B87FB02C-5C1F-4E66-B9BB-9F1CBA347410}.Debug|Any CPU.ActiveCfg = Debug|Any CPU
		{B87FB02C-5C1F-4E66-B9BB-9F1CBA347410}.Debug|Any CPU.Build.0 = Debug|Any CPU
		{B87FB02C-5C1F-4E66-B9BB-9F1CBA347410}.Release|Any CPU.ActiveCfg = Release|Any CPU
		{B87FB02C-5C1F-4E66-B9BB-9F1CBA347410}.Release|Any CPU.Build.0 = Release|Any CPU
	EndGlobalSection
	GlobalSection(SolutionProperties) = preSolution
		HideSolutionNode = FALSE
	EndGlobalSection
	GlobalSection(ExtensibilityGlobals) = postSolution
		SolutionGuid = {0C20AA7C-21A8-4A2A-AD28-A3E9412DD978}
	EndGlobalSection
EndGlobal
